Microsoft Visual Studio Solution File, Format Version 11.00
# Visual Studio 2008

Project("{ECCFA3A3-9782-388E-E9F6-A2409DDA75AD}") = "LockPick Project", "Assembly-CSharp-firstpass.csproj", "{6E49E96A-D732-429A-0217-ADE55C6E382E}"
EndProject
Project("{ECCFA3A3-9782-388E-E9F6-A2409DDA75AD}") = "LockPick Project", "Assembly-CSharp.csproj", "{A3609C67-D377-6766-A28B-41B9332B9ECC}"
EndProject
Project("{ECCFA3A3-9782-388E-E9F6-A2409DDA75AD}") = "LockPick Project", "Assembly-CSharp-Editor.csproj", "{48E4D258-0746-384F-95CD-10BE68B447C5}"
EndProject
Global
	GlobalSection(SolutionConfigurationPlatforms) = preSolution
		Debug|Any CPU = Debug|Any CPU
		Release|Any CPU = Release|Any CPU
	EndGlobalSection
	GlobalSection(ProjectConfigurationPlatforms) = postSolution
		{6E49E96A-D732-429A-0217-ADE55C6E382E}.Debug|Any CPU.ActiveCfg = Debug|Any CPU
		{6E49E96A-D732-429A-0217-ADE55C6E382E}.Debug|Any CPU.Build.0 = Debug|Any CPU
		{6E49E96A-D732-429A-0217-ADE55C6E382E}.Release|Any CPU.ActiveCfg = Release|Any CPU
		{6E49E96A-D732-429A-0217-ADE55C6E382E}.Release|Any CPU.Build.0 = Release|Any CPU
		{A3609C67-D377-6766-A28B-41B9332B9ECC}.Debug|Any CPU.ActiveCfg = Debug|Any CPU
		{A3609C67-D377-6766-A28B-41B9332B9ECC}.Debug|Any CPU.Build.0 = Debug|Any CPU
		{A3609C67-D377-6766-A28B-41B9332B9ECC}.Release|Any CPU.ActiveCfg = Release|Any CPU
		{A3609C67-D377-6766-A28B-41B9332B9ECC}.Release|Any CPU.Build.0 = Release|Any CPU
		{48E4D258-0746-384F-95CD-10BE68B447C5}.Debug|Any CPU.ActiveCfg = Debug|Any CPU
		{48E4D258-0746-384F-95CD-10BE68B447C5}.Debug|Any CPU.Build.0 = Debug|Any CPU
		{48E4D258-0746-384F-95CD-10BE68B447C5}.Release|Any CPU.ActiveCfg = Release|Any CPU
		{48E4D258-0746-384F-95CD-10BE68B447C5}.Release|Any CPU.Build.0 = Release|Any CPU
	EndGlobalSection
	GlobalSection(SolutionProperties) = preSolution
		HideSolutionNode = FALSE
	EndGlobalSection
							GlobalSection(MonoDevelopProperties) = preSolution
		StartupItem = Assembly-CSharp.csproj
		Policies = $0
		$0.TextStylePolicy = $1
		$1.inheritsSet = null
		$1.scope = text/x-csharp
		$0.CSharpFormattingPolicy = $2
		$2.inheritsSet = Mono
		$2.inheritsScope = text/x-csharp
		$2.scope = text/x-csharp
		$0.TextStylePolicy = $3
		$3.FileWidth = 120
		$3.TabWidth = 4
		$3.EolMarker = Unix
		$3.inheritsSet = Mono
		$3.inheritsScope = text/plain
		$3.scope = text/plain
	EndGlobalSection

EndGlobal
